
Microsoft Visual Studio Solution File, Format Version 12.00
# Visual Studio Version 17
VisualStudioVersion = 17.11.35327.3
MinimumVisualStudioVersion = 10.0.40219.1
Project("{9A19103F-16F7-4668-BE54-9A1E7A4F7556}") = "Wild Abyss Loot Boxes", "Wild Abyss Loot Boxes\Wild Abyss Loot Boxes.csproj", "{8378414A-2731-4AF8-AEA3-774702E90E74}"
EndProject
Global
	GlobalSection(SolutionConfigurationPlatforms) = preSolution
		Debug|Any CPU = Debug|Any CPU
		Debug|x64 = Debug|x64
		Release|Any CPU = Release|Any CPU
		Release|x64 = Release|x64
	EndGlobalSection
	GlobalSection(ProjectConfigurationPlatforms) = postSolution
		{8378414A-2731-4AF8-AEA3-774702E90E74}.Debug|Any CPU.ActiveCfg = Debug|Any CPU
		{8378414A-2731-4AF8-AEA3-774702E90E74}.Debug|Any CPU.Build.0 = Debug|Any CPU
		{8378414A-2731-4AF8-AEA3-774702E90E74}.Debug|Any CPU.Deploy.0 = Debug|Any CPU
		{8378414A-2731-4AF8-AEA3-774702E90E74}.Debug|x64.ActiveCfg = Debug|Any CPU
		{8378414A-2731-4AF8-AEA3-774702E90E74}.Debug|x64.Build.0 = Debug|Any CPU
		{8378414A-2731-4AF8-AEA3-774702E90E74}.Debug|x64.Deploy.0 = Debug|Any CPU
		{8378414A-2731-4AF8-AEA3-774702E90E74}.Release|Any CPU.ActiveCfg = Release|Any CPU
		{8378414A-2731-4AF8-AEA3-774702E90E74}.Release|Any CPU.Build.0 = Release|Any CPU
		{8378414A-2731-4AF8-AEA3-774702E90E74}.Release|Any CPU.Deploy.0 = Release|Any CPU
		{8378414A-2731-4AF8-AEA3-774702E90E74}.Release|x64.ActiveCfg = Release|x64
		{8378414A-2731-4AF8-AEA3-774702E90E74}.Release|x64.Build.0 = Release|x64
		{8378414A-2731-4AF8-AEA3-774702E90E74}.Release|x64.Deploy.0 = Release|x64
	EndGlobalSection
	GlobalSection(SolutionProperties) = preSolution
		HideSolutionNode = FALSE
	EndGlobalSection
	GlobalSection(ExtensibilityGlobals) = postSolution
		SolutionGuid = {8DBDA6DA-1D5E-4F22-A0D7-0E764E7EB733}
	EndGlobalSection
EndGlobal
